{
  "name": "beauty",
  "version": "1.0.0",
  "lockfileVersion": 3,
  "requires": true,
  "packages": {
    "": {
      "name": "beauty",
      "version": "1.0.0",
      "license": "ISC",
      "dependencies": {
        "nrf-intel-hex": "^1.4.0"
      }
    },
    "node_modules/nrf-intel-hex": {
      "version": "1.4.0",
      "resolved": "https://registry.npmjs.org/nrf-intel-hex/-/nrf-intel-hex-1.4.0.tgz",
      "integrity": "sha512-q3+GGRIpe0VvCjUP1zaqW5rk6IpCZzhD0lu7Sguo1bgWwFcA9kZRjsaKUb0jBQMnefyOl5o0BBGAxvqMqYx8Sg==",
      "license": "BSD",
      "engines": {
        "node": ">=6.0.0"
      }
    }
  }
}
